
Microsoft Visual Studio Solution File, Format Version 12.00
# Visual Studio Version 17
VisualStudioVersion = 17.6.33829.357
MinimumVisualStudioVersion = 10.0.40219.1
Project("{9A19103F-16F7-4668-BE54-9A1E7A4F7556}") = "EpiasWebService", "EpiasWebService\EpiasWebService.csproj", "{079F63CA-F5C6-4175-9D48-A7F4D6F2CE62}"
EndProject
Project("{9A19103F-16F7-4668-BE54-9A1E7A4F7556}") = "EpiasModels", "EpiasModels\EpiasModels.csproj", "{AEAECD11-6819-4D60-AAD1-5B6F06EB8C59}"
EndProject
Global
	GlobalSection(SolutionConfigurationPlatforms) = preSolution
		Debug|Any CPU = Debug|Any CPU
		Release|Any CPU = Release|Any CPU
	EndGlobalSection
	GlobalSection(ProjectConfigurationPlatforms) = postSolution
		{079F63CA-F5C6-4175-9D48-A7F4D6F2CE62}.Debug|Any CPU.ActiveCfg = Debug|Any CPU
		{079F63CA-F5C6-4175-9D48-A7F4D6F2CE62}.Debug|Any CPU.Build.0 = Debug|Any CPU
		{079F63CA-F5C6-4175-9D48-A7F4D6F2CE62}.Release|Any CPU.ActiveCfg = Release|Any CPU
		{079F63CA-F5C6-4175-9D48-A7F4D6F2CE62}.Release|Any CPU.Build.0 = Release|Any CPU
		{AEAECD11-6819-4D60-AAD1-5B6F06EB8C59}.Debug|Any CPU.ActiveCfg = Debug|Any CPU
		{AEAECD11-6819-4D60-AAD1-5B6F06EB8C59}.Debug|Any CPU.Build.0 = Debug|Any CPU
		{AEAECD11-6819-4D60-AAD1-5B6F06EB8C59}.Release|Any CPU.ActiveCfg = Release|Any CPU
		{AEAECD11-6819-4D60-AAD1-5B6F06EB8C59}.Release|Any CPU.Build.0 = Release|Any CPU
	EndGlobalSection
	GlobalSection(SolutionProperties) = preSolution
		HideSolutionNode = FALSE
	EndGlobalSection
	GlobalSection(ExtensibilityGlobals) = postSolution
		SolutionGuid = {3D413743-3C69-4588-88E6-2920FCBF58D5}
	EndGlobalSection
EndGlobal
